
Microsoft Visual Studio Solution File, Format Version 12.00
# Visual Studio Version 16
VisualStudioVersion = 16.0.30204.135
MinimumVisualStudioVersion = 10.0.40219.1
Project("{FAE04EC0-301F-11D3-BF4B-00C04F79EFBC}") = "OOS", "OOS\OOS.csproj", "{DDA61827-9E9E-4594-B41C-542E90E7AFA9}"
EndProject
Global
	GlobalSection(SolutionConfigurationPlatforms) = preSolution
		Debug|Any CPU = Debug|Any CPU
		Release|Any CPU = Release|Any CPU
	EndGlobalSection
	GlobalSection(ProjectConfigurationPlatforms) = postSolution
		{DDA61827-9E9E-4594-B41C-542E90E7AFA9}.Debug|Any CPU.ActiveCfg = Debug|Any CPU
		{DDA61827-9E9E-4594-B41C-542E90E7AFA9}.Debug|Any CPU.Build.0 = Debug|Any CPU
		{DDA61827-9E9E-4594-B41C-542E90E7AFA9}.Release|Any CPU.ActiveCfg = Release|Any CPU
		{DDA61827-9E9E-4594-B41C-542E90E7AFA9}.Release|Any CPU.Build.0 = Release|Any CPU
	EndGlobalSection
	GlobalSection(SolutionProperties) = preSolution
		HideSolutionNode = FALSE
	EndGlobalSection
	GlobalSection(ExtensibilityGlobals) = postSolution
		SolutionGuid = {7E5C695C-5DE5-4808-BF20-7FEF3958419D}
	EndGlobalSection
EndGlobal
